
Microsoft Visual Studio Solution File, Format Version 12.00
# Visual Studio Version 17
VisualStudioVersion = 17.4.33213.308
MinimumVisualStudioVersion = 10.0.40219.1
Project("{FAE04EC0-301F-11D3-BF4B-00C04F79EFBC}") = "Cake-Supplies", "Cake-Supplies.csproj", "{ECD74869-F41A-43EB-B616-8A202A74BE56}"
EndProject
Global
	GlobalSection(SolutionConfigurationPlatforms) = preSolution
		Debug|Any CPU = Debug|Any CPU
		Release|Any CPU = Release|Any CPU
	EndGlobalSection
	GlobalSection(ProjectConfigurationPlatforms) = postSolution
		{ECD74869-F41A-43EB-B616-8A202A74BE56}.Debug|Any CPU.ActiveCfg = Debug|Any CPU
		{ECD74869-F41A-43EB-B616-8A202A74BE56}.Debug|Any CPU.Build.0 = Debug|Any CPU
		{ECD74869-F41A-43EB-B616-8A202A74BE56}.Release|Any CPU.ActiveCfg = Release|Any CPU
		{ECD74869-F41A-43EB-B616-8A202A74BE56}.Release|Any CPU.Build.0 = Release|Any CPU
	EndGlobalSection
	GlobalSection(SolutionProperties) = preSolution
		HideSolutionNode = FALSE
	EndGlobalSection
	GlobalSection(ExtensibilityGlobals) = postSolution
		SolutionGuid = {5CE7E373-FE04-4775-A3C9-E9329CF6AC57}
	EndGlobalSection
EndGlobal
